
Microsoft Visual Studio Solution File, Format Version 12.00
# Visual Studio Version 17
VisualStudioVersion = 17.7.34202.233
MinimumVisualStudioVersion = 10.0.40219.1
Project("{9A19103F-16F7-4668-BE54-9A1E7A4F7556}") = "CubeOne", "CubeOne\CubeOne.csproj", "{9860507D-D73D-48C6-9DEB-0E94A2C82C8E}"
EndProject
Project("{FAE04EC0-301F-11D3-BF4B-00C04F79EFBC}") = "TestOne", "TestOne\TestOne.csproj", "{D27A2FF8-0ABF-4332-9CD6-F07C38EFD570}"
EndProject
Global
	GlobalSection(SolutionConfigurationPlatforms) = preSolution
		Debug|Any CPU = Debug|Any CPU
		Release|Any CPU = Release|Any CPU
	EndGlobalSection
	GlobalSection(ProjectConfigurationPlatforms) = postSolution
		{9860507D-D73D-48C6-9DEB-0E94A2C82C8E}.Debug|Any CPU.ActiveCfg = Debug|Any CPU
		{9860507D-D73D-48C6-9DEB-0E94A2C82C8E}.Debug|Any CPU.Build.0 = Debug|Any CPU
		{9860507D-D73D-48C6-9DEB-0E94A2C82C8E}.Release|Any CPU.ActiveCfg = Release|Any CPU
		{9860507D-D73D-48C6-9DEB-0E94A2C82C8E}.Release|Any CPU.Build.0 = Release|Any CPU
		{D27A2FF8-0ABF-4332-9CD6-F07C38EFD570}.Debug|Any CPU.ActiveCfg = Debug|Any CPU
		{D27A2FF8-0ABF-4332-9CD6-F07C38EFD570}.Debug|Any CPU.Build.0 = Debug|Any CPU
		{D27A2FF8-0ABF-4332-9CD6-F07C38EFD570}.Release|Any CPU.ActiveCfg = Release|Any CPU
		{D27A2FF8-0ABF-4332-9CD6-F07C38EFD570}.Release|Any CPU.Build.0 = Release|Any CPU
	EndGlobalSection
	GlobalSection(SolutionProperties) = preSolution
		HideSolutionNode = FALSE
	EndGlobalSection
	GlobalSection(ExtensibilityGlobals) = postSolution
		SolutionGuid = {A5BEA8CE-81F9-45E9-B0DA-047299BE51CD}
	EndGlobalSection
EndGlobal
